<Solution>
  <Project Path="Project_UTNGolMundial/MiApi.UTNGolMundial.csproj" />
  <Project Path="UTNGolMundial.Consumer/UTNGolMundial.Consumer.csproj" Id="40646c0b-19cb-47cb-a377-96a511b03233" />
  <Project Path="UTNGolMundial.Modelos/UTNGolMundial.Modelos.csproj" Id="b1ca03f5-35f8-4bf9-bfd1-5f98335938fe" />
</Solution>
